
Microsoft Visual Studio Solution File, Format Version 12.00
# Visual Studio Version 17
VisualStudioVersion = 17.14.36429.23 d17.14
MinimumVisualStudioVersion = 10.0.40219.1
Project("{FAE04EC0-301F-11D3-BF4B-00C04F79EFBC}") = "Day2", "Day2.csproj", "{C9CDDCB0-5DF0-48E5-9209-709C78339197}"
EndProject
Global
	GlobalSection(SolutionConfigurationPlatforms) = preSolution
		Debug|Any CPU = Debug|Any CPU
		Release|Any CPU = Release|Any CPU
	EndGlobalSection
	GlobalSection(ProjectConfigurationPlatforms) = postSolution
		{C9CDDCB0-5DF0-48E5-9209-709C78339197}.Debug|Any CPU.ActiveCfg = Debug|Any CPU
		{C9CDDCB0-5DF0-48E5-9209-709C78339197}.Debug|Any CPU.Build.0 = Debug|Any CPU
		{C9CDDCB0-5DF0-48E5-9209-709C78339197}.Release|Any CPU.ActiveCfg = Release|Any CPU
		{C9CDDCB0-5DF0-48E5-9209-709C78339197}.Release|Any CPU.Build.0 = Release|Any CPU
	EndGlobalSection
	GlobalSection(SolutionProperties) = preSolution
		HideSolutionNode = FALSE
	EndGlobalSection
	GlobalSection(ExtensibilityGlobals) = postSolution
		SolutionGuid = {5FFAF629-754C-49BA-9E89-8EE2ECB4EFCF}
	EndGlobalSection
EndGlobal
